
Microsoft Visual Studio Solution File, Format Version 12.00
# Visual Studio Version 16
VisualStudioVersion = 16.0.34407.143
MinimumVisualStudioVersion = 10.0.40219.1
Project("{FAE04EC0-301F-11D3-BF4B-00C04F79EFBC}") = "Method Assignment", "Method Assignment\Method Assignment.csproj", "{752435E3-F956-4AFC-8F33-17DE6E9663D3}"
EndProject
Global
	GlobalSection(SolutionConfigurationPlatforms) = preSolution
		Debug|Any CPU = Debug|Any CPU
		Release|Any CPU = Release|Any CPU
	EndGlobalSection
	GlobalSection(ProjectConfigurationPlatforms) = postSolution
		{752435E3-F956-4AFC-8F33-17DE6E9663D3}.Debug|Any CPU.ActiveCfg = Debug|Any CPU
		{752435E3-F956-4AFC-8F33-17DE6E9663D3}.Debug|Any CPU.Build.0 = Debug|Any CPU
		{752435E3-F956-4AFC-8F33-17DE6E9663D3}.Release|Any CPU.ActiveCfg = Release|Any CPU
		{752435E3-F956-4AFC-8F33-17DE6E9663D3}.Release|Any CPU.Build.0 = Release|Any CPU
	EndGlobalSection
	GlobalSection(SolutionProperties) = preSolution
		HideSolutionNode = FALSE
	EndGlobalSection
	GlobalSection(ExtensibilityGlobals) = postSolution
		SolutionGuid = {5BFA730F-8B66-4DE6-92DE-EFAC3040170D}
	EndGlobalSection
EndGlobal
